
Microsoft Visual Studio Solution File, Format Version 12.00
# Visual Studio 15
VisualStudioVersion = 15.0.26730.12
MinimumVisualStudioVersion = 10.0.40219.1
Project("{FAE04EC0-301F-11D3-BF4B-00C04F79EFBC}") = "Hanoi", "Hanoi\Hanoi.csproj", "{A3AD64E8-A967-4256-83CC-C99A69977EDE}"
EndProject
Global
	GlobalSection(SolutionConfigurationPlatforms) = preSolution
		Debug|Any CPU = Debug|Any CPU
		Release|Any CPU = Release|Any CPU
	EndGlobalSection
	GlobalSection(ProjectConfigurationPlatforms) = postSolution
		{A3AD64E8-A967-4256-83CC-C99A69977EDE}.Debug|Any CPU.ActiveCfg = Debug|Any CPU
		{A3AD64E8-A967-4256-83CC-C99A69977EDE}.Debug|Any CPU.Build.0 = Debug|Any CPU
		{A3AD64E8-A967-4256-83CC-C99A69977EDE}.Release|Any CPU.ActiveCfg = Release|Any CPU
		{A3AD64E8-A967-4256-83CC-C99A69977EDE}.Release|Any CPU.Build.0 = Release|Any CPU
	EndGlobalSection
	GlobalSection(SolutionProperties) = preSolution
		HideSolutionNode = FALSE
	EndGlobalSection
	GlobalSection(ExtensibilityGlobals) = postSolution
		SolutionGuid = {3E548CB7-FDC8-4655-87C3-D88C86A86C2B}
	EndGlobalSection
EndGlobal
